<Solution>
  <Folder Name="/src/">
    <Project Path="src/CarRental.Api/CarRental.Api.csproj" />
  </Folder>
  <Folder Name="/tests/">
    <Project Path="tests/CarRental.Api.Tests/CarRental.Api.Tests.csproj" />
    <Project Path="tests/CarRental.Integration.Tests/CarRental.Integration.Tests.csproj" />
  </Folder>
</Solution>
